
Microsoft Visual Studio Solution File, Format Version 12.00
Project("{FAE04EC0-301F-11D3-BF4B-00C04F79EFBC}") = "RepositorioApp.Api", "src\RepositorioApp.Api\RepositorioApp.Api.csproj", "{5AE83B80-6196-4631-9BD7-7DD6AEC53EFA}"
EndProject
Project("{2150E333-8FDC-42A3-9474-1A3956D46DE8}") = "01-Api", "01-Api", "{35B89D82-80E6-4C7B-8016-36C6F114E1C3}"
EndProject
Project("{FAE04EC0-301F-11D3-BF4B-00C04F79EFBC}") = "RepositorioApp.Domain", "src\RepositorioApp.Domain\RepositorioApp.Domain.csproj", "{2634A438-9E03-4E51-B040-8472FE9AE174}"
EndProject
Project("{2150E333-8FDC-42A3-9474-1A3956D46DE8}") = "02-Domain", "02-Domain", "{FF77D33C-3B82-4C48-B930-EE10039B2F97}"
EndProject
Project("{FAE04EC0-301F-11D3-BF4B-00C04F79EFBC}") = "RepositorioApp.CrossCutting", "src\RepositorioApp.CrossCutting\RepositorioApp.CrossCutting.csproj", "{B22CF1B5-3FFD-4AC5-8BFB-2C6C676A5832}"
EndProject
Project("{2150E333-8FDC-42A3-9474-1A3956D46DE8}") = "03-Infra", "03-Infra", "{64F50BD4-628D-4F57-9C5E-895BD66FD419}"
EndProject
Project("{2150E333-8FDC-42A3-9474-1A3956D46DE8}") = "02-Infra", "02-Infra", "{09158673-0009-4D24-A641-C3F3B25D5219}"
EndProject
Project("{FAE04EC0-301F-11D3-BF4B-00C04F79EFBC}") = "RepositorioApp.Infra", "src\RepositorioApp.Infra\RepositorioApp.Infra.csproj", "{6F160B09-94C0-4922-A623-FF64A858A06D}"
EndProject
Project("{2150E333-8FDC-42A3-9474-1A3956D46DE8}") = "01-Data", "01-Data", "{6226729B-6A81-4177-A967-43274E155440}"
EndProject
Project("{FAE04EC0-301F-11D3-BF4B-00C04F79EFBC}") = "RepositorioApp.Data", "src\RepositorioApp.Data\RepositorioApp.Data.csproj", "{2F7AD192-0EA3-4348-9512-CEC8606C8170}"
EndProject
Project("{2150E333-8FDC-42A3-9474-1A3956D46DE8}") = "01-Domain", "01-Domain", "{26846FD7-75EE-421A-9676-753D06AEAA52}"
EndProject
Project("{2150E333-8FDC-42A3-9474-1A3956D46DE8}") = "02-CrossCutting", "02-CrossCutting", "{C959B246-ACAF-4E47-99C3-A53F8B265272}"
EndProject
Project("{2150E333-8FDC-42A3-9474-1A3956D46DE8}") = "04-Packages", "04-Packages", "{5F385FCE-9E69-46E1-9846-EDBC14070D70}"
EndProject
Project("{FAE04EC0-301F-11D3-BF4B-00C04F79EFBC}") = "RepositorioApp.Images", "src\RepositorioApp.Images\RepositorioApp.Images.csproj", "{2CC9CB9C-0F3F-4CD7-AB2F-C0BF7A004CE2}"
EndProject
Project("{FAE04EC0-301F-11D3-BF4B-00C04F79EFBC}") = "RepositorioApp.Jwt.Ef", "src\RepositorioApp.Jwt.Ef\RepositorioApp.Jwt.Ef.csproj", "{21052430-6514-4710-A411-569AA3EE004B}"
EndProject
Project("{FAE04EC0-301F-11D3-BF4B-00C04F79EFBC}") = "RepositorioApp.Jwt", "src\RepositorioApp.Jwt\RepositorioApp.Jwt.csproj", "{3CDC4AED-69A9-4B5C-9B22-4834CFB51343}"
EndProject
Project("{FAE04EC0-301F-11D3-BF4B-00C04F79EFBC}") = "RepositorioApp.Utilities", "src\RepositorioApp.Utilities\RepositorioApp.Utilities.csproj", "{1A70AD86-B16B-4EC8-A520-880C2937F13A}"
EndProject
Project("{FAE04EC0-301F-11D3-BF4B-00C04F79EFBC}") = "RepositorioApp.Persistence.Ef", "src\RepositorioApp.Persistence.Ef\RepositorioApp.Persistence.Ef.csproj", "{1B0A15F3-6D55-429E-BDFF-18D1386BD203}"
EndProject
Project("{FAE04EC0-301F-11D3-BF4B-00C04F79EFBC}") = "RepositorioApp.Mail", "src\RepositorioApp.Mail\RepositorioApp.Mail.csproj", "{BA2C3A04-EBB5-4E25-A074-8FF537B90C1A}"
EndProject
Project("{FAE04EC0-301F-11D3-BF4B-00C04F79EFBC}") = "RepositorioApp.Extensions", "src\RepositorioApp.Extensions\RepositorioApp.Extensions.csproj", "{D4323232-C152-474D-B473-5F25B9A0C2CB}"
EndProject
Global
	GlobalSection(SolutionConfigurationPlatforms) = preSolution
		Debug|Any CPU = Debug|Any CPU
		Release|Any CPU = Release|Any CPU
	EndGlobalSection
	GlobalSection(ProjectConfigurationPlatforms) = postSolution
		{5AE83B80-6196-4631-9BD7-7DD6AEC53EFA}.Debug|Any CPU.ActiveCfg = Debug|Any CPU
		{5AE83B80-6196-4631-9BD7-7DD6AEC53EFA}.Debug|Any CPU.Build.0 = Debug|Any CPU
		{5AE83B80-6196-4631-9BD7-7DD6AEC53EFA}.Release|Any CPU.ActiveCfg = Release|Any CPU
		{5AE83B80-6196-4631-9BD7-7DD6AEC53EFA}.Release|Any CPU.Build.0 = Release|Any CPU
		{2634A438-9E03-4E51-B040-8472FE9AE174}.Debug|Any CPU.ActiveCfg = Debug|Any CPU
		{2634A438-9E03-4E51-B040-8472FE9AE174}.Debug|Any CPU.Build.0 = Debug|Any CPU
		{2634A438-9E03-4E51-B040-8472FE9AE174}.Release|Any CPU.ActiveCfg = Release|Any CPU
		{2634A438-9E03-4E51-B040-8472FE9AE174}.Release|Any CPU.Build.0 = Release|Any CPU
		{B22CF1B5-3FFD-4AC5-8BFB-2C6C676A5832}.Debug|Any CPU.ActiveCfg = Debug|Any CPU
		{B22CF1B5-3FFD-4AC5-8BFB-2C6C676A5832}.Debug|Any CPU.Build.0 = Debug|Any CPU
		{B22CF1B5-3FFD-4AC5-8BFB-2C6C676A5832}.Release|Any CPU.ActiveCfg = Release|Any CPU
		{B22CF1B5-3FFD-4AC5-8BFB-2C6C676A5832}.Release|Any CPU.Build.0 = Release|Any CPU
		{6F160B09-94C0-4922-A623-FF64A858A06D}.Debug|Any CPU.ActiveCfg = Debug|Any CPU
		{6F160B09-94C0-4922-A623-FF64A858A06D}.Debug|Any CPU.Build.0 = Debug|Any CPU
		{6F160B09-94C0-4922-A623-FF64A858A06D}.Release|Any CPU.ActiveCfg = Release|Any CPU
		{6F160B09-94C0-4922-A623-FF64A858A06D}.Release|Any CPU.Build.0 = Release|Any CPU
		{2F7AD192-0EA3-4348-9512-CEC8606C8170}.Debug|Any CPU.ActiveCfg = Debug|Any CPU
		{2F7AD192-0EA3-4348-9512-CEC8606C8170}.Debug|Any CPU.Build.0 = Debug|Any CPU
		{2F7AD192-0EA3-4348-9512-CEC8606C8170}.Release|Any CPU.ActiveCfg = Release|Any CPU
		{2F7AD192-0EA3-4348-9512-CEC8606C8170}.Release|Any CPU.Build.0 = Release|Any CPU
		{2CC9CB9C-0F3F-4CD7-AB2F-C0BF7A004CE2}.Debug|Any CPU.ActiveCfg = Debug|Any CPU
		{2CC9CB9C-0F3F-4CD7-AB2F-C0BF7A004CE2}.Debug|Any CPU.Build.0 = Debug|Any CPU
		{2CC9CB9C-0F3F-4CD7-AB2F-C0BF7A004CE2}.Release|Any CPU.ActiveCfg = Release|Any CPU
		{2CC9CB9C-0F3F-4CD7-AB2F-C0BF7A004CE2}.Release|Any CPU.Build.0 = Release|Any CPU
		{21052430-6514-4710-A411-569AA3EE004B}.Debug|Any CPU.ActiveCfg = Debug|Any CPU
		{21052430-6514-4710-A411-569AA3EE004B}.Debug|Any CPU.Build.0 = Debug|Any CPU
		{21052430-6514-4710-A411-569AA3EE004B}.Release|Any CPU.ActiveCfg = Release|Any CPU
		{21052430-6514-4710-A411-569AA3EE004B}.Release|Any CPU.Build.0 = Release|Any CPU
		{3CDC4AED-69A9-4B5C-9B22-4834CFB51343}.Debug|Any CPU.ActiveCfg = Debug|Any CPU
		{3CDC4AED-69A9-4B5C-9B22-4834CFB51343}.Debug|Any CPU.Build.0 = Debug|Any CPU
		{3CDC4AED-69A9-4B5C-9B22-4834CFB51343}.Release|Any CPU.ActiveCfg = Release|Any CPU
		{3CDC4AED-69A9-4B5C-9B22-4834CFB51343}.Release|Any CPU.Build.0 = Release|Any CPU
		{1A70AD86-B16B-4EC8-A520-880C2937F13A}.Debug|Any CPU.ActiveCfg = Debug|Any CPU
		{1A70AD86-B16B-4EC8-A520-880C2937F13A}.Debug|Any CPU.Build.0 = Debug|Any CPU
		{1A70AD86-B16B-4EC8-A520-880C2937F13A}.Release|Any CPU.ActiveCfg = Release|Any CPU
		{1A70AD86-B16B-4EC8-A520-880C2937F13A}.Release|Any CPU.Build.0 = Release|Any CPU
		{1B0A15F3-6D55-429E-BDFF-18D1386BD203}.Debug|Any CPU.ActiveCfg = Debug|Any CPU
		{1B0A15F3-6D55-429E-BDFF-18D1386BD203}.Debug|Any CPU.Build.0 = Debug|Any CPU
		{1B0A15F3-6D55-429E-BDFF-18D1386BD203}.Release|Any CPU.ActiveCfg = Release|Any CPU
		{1B0A15F3-6D55-429E-BDFF-18D1386BD203}.Release|Any CPU.Build.0 = Release|Any CPU
		{BA2C3A04-EBB5-4E25-A074-8FF537B90C1A}.Debug|Any CPU.ActiveCfg = Debug|Any CPU
		{BA2C3A04-EBB5-4E25-A074-8FF537B90C1A}.Debug|Any CPU.Build.0 = Debug|Any CPU
		{BA2C3A04-EBB5-4E25-A074-8FF537B90C1A}.Release|Any CPU.ActiveCfg = Release|Any CPU
		{BA2C3A04-EBB5-4E25-A074-8FF537B90C1A}.Release|Any CPU.Build.0 = Release|Any CPU
		{D4323232-C152-474D-B473-5F25B9A0C2CB}.Debug|Any CPU.ActiveCfg = Debug|Any CPU
		{D4323232-C152-474D-B473-5F25B9A0C2CB}.Debug|Any CPU.Build.0 = Debug|Any CPU
		{D4323232-C152-474D-B473-5F25B9A0C2CB}.Release|Any CPU.ActiveCfg = Release|Any CPU
		{D4323232-C152-474D-B473-5F25B9A0C2CB}.Release|Any CPU.Build.0 = Release|Any CPU
	EndGlobalSection
	GlobalSection(NestedProjects) = preSolution
		{5AE83B80-6196-4631-9BD7-7DD6AEC53EFA} = {35B89D82-80E6-4C7B-8016-36C6F114E1C3}
		{09158673-0009-4D24-A641-C3F3B25D5219} = {64F50BD4-628D-4F57-9C5E-895BD66FD419}
		{6F160B09-94C0-4922-A623-FF64A858A06D} = {09158673-0009-4D24-A641-C3F3B25D5219}
		{6226729B-6A81-4177-A967-43274E155440} = {64F50BD4-628D-4F57-9C5E-895BD66FD419}
		{2F7AD192-0EA3-4348-9512-CEC8606C8170} = {6226729B-6A81-4177-A967-43274E155440}
		{26846FD7-75EE-421A-9676-753D06AEAA52} = {FF77D33C-3B82-4C48-B930-EE10039B2F97}
		{C959B246-ACAF-4E47-99C3-A53F8B265272} = {FF77D33C-3B82-4C48-B930-EE10039B2F97}
		{B22CF1B5-3FFD-4AC5-8BFB-2C6C676A5832} = {C959B246-ACAF-4E47-99C3-A53F8B265272}
		{2634A438-9E03-4E51-B040-8472FE9AE174} = {26846FD7-75EE-421A-9676-753D06AEAA52}
		{2CC9CB9C-0F3F-4CD7-AB2F-C0BF7A004CE2} = {5F385FCE-9E69-46E1-9846-EDBC14070D70}
		{21052430-6514-4710-A411-569AA3EE004B} = {5F385FCE-9E69-46E1-9846-EDBC14070D70}
		{3CDC4AED-69A9-4B5C-9B22-4834CFB51343} = {5F385FCE-9E69-46E1-9846-EDBC14070D70}
		{1A70AD86-B16B-4EC8-A520-880C2937F13A} = {5F385FCE-9E69-46E1-9846-EDBC14070D70}
		{1B0A15F3-6D55-429E-BDFF-18D1386BD203} = {5F385FCE-9E69-46E1-9846-EDBC14070D70}
		{BA2C3A04-EBB5-4E25-A074-8FF537B90C1A} = {5F385FCE-9E69-46E1-9846-EDBC14070D70}
		{D4323232-C152-474D-B473-5F25B9A0C2CB} = {5F385FCE-9E69-46E1-9846-EDBC14070D70}
	EndGlobalSection
EndGlobal
